# This file was autogenerated by Stack.
# You should not edit this file by hand.
# For more information, please see the documentation at:
#   https://docs.haskellstack.org/en/stable/lock_files

packages:
- completed:
    hackage: Cabal-3.2.1.0@sha256:8743076ec022296f9771d962000c9ca3a0fe02e68c37b992c63e382a675f791d,27482
    pantry-tree:
      size: 41224
      sha256: 92682a2aab8d967de341acff88525376eb9a31f53f094e0878c51c2886564f3a
  original:
    hackage: Cabal-3.2.1.0@sha256:8743076ec022296f9771d962000c9ca3a0fe02e68c37b992c63e382a675f791d,27482
- completed:
    hackage: parsec-3.1.14.0@sha256:2b7a30ad13b66ed4ae1c8b3b76f7b26f102f63fe4abc48663113686b0d68d2f7,4356
    pantry-tree:
      size: 2574
      sha256: 92087fa7a43fb2ddcb629b5ad468744bca44da0281137f696939e60f65053afa
  original:
    hackage: parsec-3.1.14.0@sha256:2b7a30ad13b66ed4ae1c8b3b76f7b26f102f63fe4abc48663113686b0d68d2f7,4356
- completed:
    size: 458615
    filepath: /usr/local/lib/sdl2-master.zip
    name: sdl2
    version: 2.5.3.0
    sha256: d95f7b5285b5a22c26b6f64e873353f1f7094b7343d8da5ba7c8fde52e50fca0
    pantry-tree:
      size: 7014
      sha256: f7be598159f2e13c31d9311c257d6fb94bcc36abba22310cbe25802ff0e8e430
  original:
    filepath: /usr/local/lib/sdl2-master.zip
- completed:
    size: 220797
    filepath: /usr/local/lib/text-master.zip
    name: text
    version: 1.2.4.2
    sha256: 7be989e4fac6461e4726944c25d3018b5c526c68d6e045afff7e8a2d24dacd7a
    pantry-tree:
      size: 9141
      sha256: 165d30b0a961277edcb68fa2a8fdc5c9e7b713e8a15ae9a400020839c2dffa6d
  original:
    filepath: /usr/local/lib/text-master.zip
snapshots:
- completed:
    size: 563103
    url: https://raw.githubusercontent.com/commercialhaskell/stackage-snapshots/master/lts/17/4.yaml
    sha256: f11e2153044f5f71ea7b1c9398f4721f517c9bd37642ed769647b896564021f3
  original:
    url: https://raw.githubusercontent.com/commercialhaskell/stackage-snapshots/master/lts/17/4.yaml
